
Microsoft Visual Studio Solution File, Format Version 12.00
# Visual Studio 15
VisualStudioVersion = 15.0.28307.779
MinimumVisualStudioVersion = 10.0.40219.1
Project("{9A19103F-16F7-4668-BE54-9A1E7A4F7556}") = "RideShareMVC", "RideShareMVC\RideShareMVC.csproj", "{C3239210-6602-410C-9F42-522D8674BA70}"
EndProject
Project("{FAE04EC0-301F-11D3-BF4B-00C04F79EFBC}") = "RideShare.LLBLGEN.Model", "LLBLGEN\Model\RideShare.LLBLGEN.Model.csproj", "{D39C3BD3-4C8F-41EB-99C9-BD72CE9F1A5F}"
EndProject
Project("{FAE04EC0-301F-11D3-BF4B-00C04F79EFBC}") = "RideShare.LLBLGEN.Persistence", "LLBLGEN\Persistence\RideShare.LLBLGEN.Persistence.csproj", "{A3ED7BEC-C6DE-4896-B9AE-497168240538}"
EndProject
Project("{F14B399A-7131-4C87-9E4B-1186C45EF12D}") = "RS.ReportingSevice", "RS.ReportingSevice\RS.ReportingSevice.rptproj", "{6D1496B9-331A-4523-956C-62F046A3F08B}"
EndProject
Project("{FAE04EC0-301F-11D3-BF4B-00C04F79EFBC}") = "DesignPattern.Decorator", "DesignPattern.Decorator\DesignPattern.Decorator.csproj", "{C9238027-4C09-43A7-9C22-EC07C43D1392}"
EndProject
Global
	GlobalSection(SolutionConfigurationPlatforms) = preSolution
		Debug|Any CPU = Debug|Any CPU
		DebugLocal|Any CPU = DebugLocal|Any CPU
		Release|Any CPU = Release|Any CPU
	EndGlobalSection
	GlobalSection(ProjectConfigurationPlatforms) = postSolution
		{C3239210-6602-410C-9F42-522D8674BA70}.Debug|Any CPU.ActiveCfg = Debug|Any CPU
		{C3239210-6602-410C-9F42-522D8674BA70}.Debug|Any CPU.Build.0 = Debug|Any CPU
		{C3239210-6602-410C-9F42-522D8674BA70}.DebugLocal|Any CPU.ActiveCfg = Debug|Any CPU
		{C3239210-6602-410C-9F42-522D8674BA70}.DebugLocal|Any CPU.Build.0 = Debug|Any CPU
		{C3239210-6602-410C-9F42-522D8674BA70}.Release|Any CPU.ActiveCfg = Release|Any CPU
		{C3239210-6602-410C-9F42-522D8674BA70}.Release|Any CPU.Build.0 = Release|Any CPU
		{D39C3BD3-4C8F-41EB-99C9-BD72CE9F1A5F}.Debug|Any CPU.ActiveCfg = Debug|Any CPU
		{D39C3BD3-4C8F-41EB-99C9-BD72CE9F1A5F}.Debug|Any CPU.Build.0 = Debug|Any CPU
		{D39C3BD3-4C8F-41EB-99C9-BD72CE9F1A5F}.DebugLocal|Any CPU.ActiveCfg = Debug|Any CPU
		{D39C3BD3-4C8F-41EB-99C9-BD72CE9F1A5F}.DebugLocal|Any CPU.Build.0 = Debug|Any CPU
		{D39C3BD3-4C8F-41EB-99C9-BD72CE9F1A5F}.Release|Any CPU.ActiveCfg = Release|Any CPU
		{D39C3BD3-4C8F-41EB-99C9-BD72CE9F1A5F}.Release|Any CPU.Build.0 = Release|Any CPU
		{A3ED7BEC-C6DE-4896-B9AE-497168240538}.Debug|Any CPU.ActiveCfg = Debug|Any CPU
		{A3ED7BEC-C6DE-4896-B9AE-497168240538}.Debug|Any CPU.Build.0 = Debug|Any CPU
		{A3ED7BEC-C6DE-4896-B9AE-497168240538}.DebugLocal|Any CPU.ActiveCfg = Debug|Any CPU
		{A3ED7BEC-C6DE-4896-B9AE-497168240538}.DebugLocal|Any CPU.Build.0 = Debug|Any CPU
		{A3ED7BEC-C6DE-4896-B9AE-497168240538}.Release|Any CPU.ActiveCfg = Release|Any CPU
		{A3ED7BEC-C6DE-4896-B9AE-497168240538}.Release|Any CPU.Build.0 = Release|Any CPU
		{6D1496B9-331A-4523-956C-62F046A3F08B}.Debug|Any CPU.ActiveCfg = Debug
		{6D1496B9-331A-4523-956C-62F046A3F08B}.Debug|Any CPU.Build.0 = Debug
		{6D1496B9-331A-4523-956C-62F046A3F08B}.Debug|Any CPU.Deploy.0 = Debug
		{6D1496B9-331A-4523-956C-62F046A3F08B}.DebugLocal|Any CPU.ActiveCfg = DebugLocal
		{6D1496B9-331A-4523-956C-62F046A3F08B}.DebugLocal|Any CPU.Build.0 = DebugLocal
		{6D1496B9-331A-4523-956C-62F046A3F08B}.Release|Any CPU.ActiveCfg = Release
		{6D1496B9-331A-4523-956C-62F046A3F08B}.Release|Any CPU.Build.0 = Release
		{6D1496B9-331A-4523-956C-62F046A3F08B}.Release|Any CPU.Deploy.0 = Release
		{C9238027-4C09-43A7-9C22-EC07C43D1392}.Debug|Any CPU.ActiveCfg = Debug|Any CPU
		{C9238027-4C09-43A7-9C22-EC07C43D1392}.Debug|Any CPU.Build.0 = Debug|Any CPU
		{C9238027-4C09-43A7-9C22-EC07C43D1392}.DebugLocal|Any CPU.ActiveCfg = Debug|Any CPU
		{C9238027-4C09-43A7-9C22-EC07C43D1392}.DebugLocal|Any CPU.Build.0 = Debug|Any CPU
		{C9238027-4C09-43A7-9C22-EC07C43D1392}.Release|Any CPU.ActiveCfg = Release|Any CPU
		{C9238027-4C09-43A7-9C22-EC07C43D1392}.Release|Any CPU.Build.0 = Release|Any CPU
	EndGlobalSection
	GlobalSection(SolutionProperties) = preSolution
		HideSolutionNode = FALSE
	EndGlobalSection
	GlobalSection(ExtensibilityGlobals) = postSolution
		SolutionGuid = {405DFD4C-752F-4526-8678-F124352216A5}
	EndGlobalSection
EndGlobal
